
Microsoft Visual Studio Solution File, Format Version 12.00
# Visual Studio Version 16
VisualStudioVersion = 16.0.31911.196
MinimumVisualStudioVersion = 10.0.40219.1
Project("{FAE04EC0-301F-11D3-BF4B-00C04F79EFBC}") = "WpfAppEasySave", "WpfAppEasySave\WpfAppEasySave.csproj", "{7857DFB8-213D-4A69-82D5-E3B131071575}"
EndProject
Global
	GlobalSection(SolutionConfigurationPlatforms) = preSolution
		Debug|Any CPU = Debug|Any CPU
		Release|Any CPU = Release|Any CPU
	EndGlobalSection
	GlobalSection(ProjectConfigurationPlatforms) = postSolution
		{7857DFB8-213D-4A69-82D5-E3B131071575}.Debug|Any CPU.ActiveCfg = Debug|Any CPU
		{7857DFB8-213D-4A69-82D5-E3B131071575}.Debug|Any CPU.Build.0 = Debug|Any CPU
		{7857DFB8-213D-4A69-82D5-E3B131071575}.Release|Any CPU.ActiveCfg = Release|Any CPU
		{7857DFB8-213D-4A69-82D5-E3B131071575}.Release|Any CPU.Build.0 = Release|Any CPU
	EndGlobalSection
	GlobalSection(SolutionProperties) = preSolution
		HideSolutionNode = FALSE
	EndGlobalSection
	GlobalSection(ExtensibilityGlobals) = postSolution
		SolutionGuid = {C2FE2A64-7BDE-4750-8A09-4CA0C9FAD9B4}
	EndGlobalSection
EndGlobal
